
Microsoft Visual Studio Solution File, Format Version 12.00
# Visual Studio Version 17
VisualStudioVersion = 17.8.34309.116
MinimumVisualStudioVersion = 10.0.40219.1
Project("{9A19103F-16F7-4668-BE54-9A1E7A4F7556}") = "Blazor.IndexedDB", "Blazor.IndexedDB\Blazor.IndexedDB.csproj", "{6F223966-4591-4731-97CA-C2751BC3A9D9}"
EndProject
Project("{FAE04EC0-301F-11D3-BF4B-00C04F79EFBC}") = "Blazor.IndexedDB.Example", "Blazor.IndexedDB.Example\Blazor.IndexedDB.Example.csproj", "{44934AC8-89CF-4677-8DC4-764120DDED07}"
EndProject
Global
	GlobalSection(SolutionConfigurationPlatforms) = preSolution
		Debug|Any CPU = Debug|Any CPU
		Release|Any CPU = Release|Any CPU
	EndGlobalSection
	GlobalSection(ProjectConfigurationPlatforms) = postSolution
		{6F223966-4591-4731-97CA-C2751BC3A9D9}.Debug|Any CPU.ActiveCfg = Debug|Any CPU
		{6F223966-4591-4731-97CA-C2751BC3A9D9}.Debug|Any CPU.Build.0 = Debug|Any CPU
		{6F223966-4591-4731-97CA-C2751BC3A9D9}.Release|Any CPU.ActiveCfg = Release|Any CPU
		{6F223966-4591-4731-97CA-C2751BC3A9D9}.Release|Any CPU.Build.0 = Release|Any CPU
		{44934AC8-89CF-4677-8DC4-764120DDED07}.Debug|Any CPU.ActiveCfg = Debug|Any CPU
		{44934AC8-89CF-4677-8DC4-764120DDED07}.Debug|Any CPU.Build.0 = Debug|Any CPU
		{44934AC8-89CF-4677-8DC4-764120DDED07}.Release|Any CPU.ActiveCfg = Release|Any CPU
		{44934AC8-89CF-4677-8DC4-764120DDED07}.Release|Any CPU.Build.0 = Release|Any CPU
	EndGlobalSection
	GlobalSection(SolutionProperties) = preSolution
		HideSolutionNode = FALSE
	EndGlobalSection
	GlobalSection(ExtensibilityGlobals) = postSolution
		SolutionGuid = {0E26EA05-234B-42C5-A19A-C0DD3370B2FA}
	EndGlobalSection
EndGlobal
